
Microsoft Visual Studio Solution File, Format Version 12.00
# Visual Studio Version 16
VisualStudioVersion = 16.0.33130.400
MinimumVisualStudioVersion = 10.0.40219.1
Project("{FAE04EC0-301F-11D3-BF4B-00C04F79EFBC}") = "Homework7_2", "Homework7_2\Homework7_2.csproj", "{B124A347-4008-4C96-9DD5-6C7B19AAA5F9}"
EndProject
Project("{FAE04EC0-301F-11D3-BF4B-00C04F79EFBC}") = "Homework7_3", "Homework7_3\Homework7_3.csproj", "{07C1DA34-4635-4BD8-9EBB-117AC616E344}"
EndProject
Project("{FAE04EC0-301F-11D3-BF4B-00C04F79EFBC}") = "Homework7_5", "Homework7_5\Homework7_5.csproj", "{BAA1F57D-F9BC-4495-9AD1-3D986F437685}"
EndProject
Global
	GlobalSection(SolutionConfigurationPlatforms) = preSolution
		Debug|Any CPU = Debug|Any CPU
		Release|Any CPU = Release|Any CPU
	EndGlobalSection
	GlobalSection(ProjectConfigurationPlatforms) = postSolution
		{B124A347-4008-4C96-9DD5-6C7B19AAA5F9}.Debug|Any CPU.ActiveCfg = Debug|Any CPU
		{B124A347-4008-4C96-9DD5-6C7B19AAA5F9}.Debug|Any CPU.Build.0 = Debug|Any CPU
		{B124A347-4008-4C96-9DD5-6C7B19AAA5F9}.Release|Any CPU.ActiveCfg = Release|Any CPU
		{B124A347-4008-4C96-9DD5-6C7B19AAA5F9}.Release|Any CPU.Build.0 = Release|Any CPU
		{07C1DA34-4635-4BD8-9EBB-117AC616E344}.Debug|Any CPU.ActiveCfg = Debug|Any CPU
		{07C1DA34-4635-4BD8-9EBB-117AC616E344}.Debug|Any CPU.Build.0 = Debug|Any CPU
		{07C1DA34-4635-4BD8-9EBB-117AC616E344}.Release|Any CPU.ActiveCfg = Release|Any CPU
		{07C1DA34-4635-4BD8-9EBB-117AC616E344}.Release|Any CPU.Build.0 = Release|Any CPU
		{BAA1F57D-F9BC-4495-9AD1-3D986F437685}.Debug|Any CPU.ActiveCfg = Debug|Any CPU
		{BAA1F57D-F9BC-4495-9AD1-3D986F437685}.Debug|Any CPU.Build.0 = Debug|Any CPU
		{BAA1F57D-F9BC-4495-9AD1-3D986F437685}.Release|Any CPU.ActiveCfg = Release|Any CPU
		{BAA1F57D-F9BC-4495-9AD1-3D986F437685}.Release|Any CPU.Build.0 = Release|Any CPU
	EndGlobalSection
	GlobalSection(SolutionProperties) = preSolution
		HideSolutionNode = FALSE
	EndGlobalSection
	GlobalSection(ExtensibilityGlobals) = postSolution
		SolutionGuid = {1057CF8B-41F6-4F62-9EC6-91A4E203EF48}
	EndGlobalSection
EndGlobal
